
Microsoft Visual Studio Solution File, Format Version 12.00
# Visual Studio Version 16
VisualStudioVersion = 16.0.31129.286
MinimumVisualStudioVersion = 10.0.40219.1
Project("{9A19103F-16F7-4668-BE54-9A1E7A4F7556}") = "EM.Web", "EM.Web\EM.Web.csproj", "{2CAF6141-04A7-410E-A6B0-7AFE218351EA}"
EndProject
Project("{9A19103F-16F7-4668-BE54-9A1E7A4F7556}") = "EM.GenericUnitOfWork", "EM.GenericUnitOfWork\EM.GenericUnitOfWork.csproj", "{270B35D6-45F4-4457-8B98-63B432DFA5B3}"
EndProject
Project("{2150E333-8FDC-42A3-9474-1A3956D46DE8}") = "Library", "Library", "{0E2FE688-5242-4F5D-BD39-70E26DC168DD}"
EndProject
Project("{9A19103F-16F7-4668-BE54-9A1E7A4F7556}") = "EM.Common", "EM.Common\EM.Common.csproj", "{74CE4BCC-8FA5-41E2-9456-5170B2F79005}"
EndProject
Project("{9A19103F-16F7-4668-BE54-9A1E7A4F7556}") = "EM.Entity", "EM.Entity\EM.Entity.csproj", "{A1C1017D-8FE3-4AC9-A7A8-1F2A51EFE71B}"
EndProject
Project("{9A19103F-16F7-4668-BE54-9A1E7A4F7556}") = "EM.Models", "EM.Models\EM.Models.csproj", "{0F4E146C-493C-4AE7-AD3B-32C9FA828F75}"
EndProject
Project("{9A19103F-16F7-4668-BE54-9A1E7A4F7556}") = "EM.Services", "EM.Services\EM.Services.csproj", "{4CA99FE4-EA19-4024-B595-1A999C1BC614}"
EndProject
Project("{9A19103F-16F7-4668-BE54-9A1E7A4F7556}") = "CustomAuthorizationHandlers", "CustomAuthorizationHandlers\CustomAuthorizationHandlers.csproj", "{E76BABE5-539C-40D7-9E8D-C58E62F51AE1}"
EndProject
Project("{FAE04EC0-301F-11D3-BF4B-00C04F79EFBC}") = "EM.API", "EM.API\EM.API.csproj", "{EAF0F94A-3F52-477E-8A56-E5323E2FB27D}"
EndProject
Global
	GlobalSection(SolutionConfigurationPlatforms) = preSolution
		Debug|Any CPU = Debug|Any CPU
		Release|Any CPU = Release|Any CPU
	EndGlobalSection
	GlobalSection(ProjectConfigurationPlatforms) = postSolution
		{2CAF6141-04A7-410E-A6B0-7AFE218351EA}.Debug|Any CPU.ActiveCfg = Debug|Any CPU
		{2CAF6141-04A7-410E-A6B0-7AFE218351EA}.Debug|Any CPU.Build.0 = Debug|Any CPU
		{2CAF6141-04A7-410E-A6B0-7AFE218351EA}.Release|Any CPU.ActiveCfg = Release|Any CPU
		{2CAF6141-04A7-410E-A6B0-7AFE218351EA}.Release|Any CPU.Build.0 = Release|Any CPU
		{270B35D6-45F4-4457-8B98-63B432DFA5B3}.Debug|Any CPU.ActiveCfg = Debug|Any CPU
		{270B35D6-45F4-4457-8B98-63B432DFA5B3}.Debug|Any CPU.Build.0 = Debug|Any CPU
		{270B35D6-45F4-4457-8B98-63B432DFA5B3}.Release|Any CPU.ActiveCfg = Release|Any CPU
		{270B35D6-45F4-4457-8B98-63B432DFA5B3}.Release|Any CPU.Build.0 = Release|Any CPU
		{74CE4BCC-8FA5-41E2-9456-5170B2F79005}.Debug|Any CPU.ActiveCfg = Debug|Any CPU
		{74CE4BCC-8FA5-41E2-9456-5170B2F79005}.Debug|Any CPU.Build.0 = Debug|Any CPU
		{74CE4BCC-8FA5-41E2-9456-5170B2F79005}.Release|Any CPU.ActiveCfg = Release|Any CPU
		{74CE4BCC-8FA5-41E2-9456-5170B2F79005}.Release|Any CPU.Build.0 = Release|Any CPU
		{A1C1017D-8FE3-4AC9-A7A8-1F2A51EFE71B}.Debug|Any CPU.ActiveCfg = Debug|Any CPU
		{A1C1017D-8FE3-4AC9-A7A8-1F2A51EFE71B}.Debug|Any CPU.Build.0 = Debug|Any CPU
		{A1C1017D-8FE3-4AC9-A7A8-1F2A51EFE71B}.Release|Any CPU.ActiveCfg = Release|Any CPU
		{A1C1017D-8FE3-4AC9-A7A8-1F2A51EFE71B}.Release|Any CPU.Build.0 = Release|Any CPU
		{0F4E146C-493C-4AE7-AD3B-32C9FA828F75}.Debug|Any CPU.ActiveCfg = Debug|Any CPU
		{0F4E146C-493C-4AE7-AD3B-32C9FA828F75}.Debug|Any CPU.Build.0 = Debug|Any CPU
		{0F4E146C-493C-4AE7-AD3B-32C9FA828F75}.Release|Any CPU.ActiveCfg = Release|Any CPU
		{0F4E146C-493C-4AE7-AD3B-32C9FA828F75}.Release|Any CPU.Build.0 = Release|Any CPU
		{4CA99FE4-EA19-4024-B595-1A999C1BC614}.Debug|Any CPU.ActiveCfg = Debug|Any CPU
		{4CA99FE4-EA19-4024-B595-1A999C1BC614}.Debug|Any CPU.Build.0 = Debug|Any CPU
		{4CA99FE4-EA19-4024-B595-1A999C1BC614}.Release|Any CPU.ActiveCfg = Release|Any CPU
		{4CA99FE4-EA19-4024-B595-1A999C1BC614}.Release|Any CPU.Build.0 = Release|Any CPU
		{E76BABE5-539C-40D7-9E8D-C58E62F51AE1}.Debug|Any CPU.ActiveCfg = Debug|Any CPU
		{E76BABE5-539C-40D7-9E8D-C58E62F51AE1}.Debug|Any CPU.Build.0 = Debug|Any CPU
		{E76BABE5-539C-40D7-9E8D-C58E62F51AE1}.Release|Any CPU.ActiveCfg = Release|Any CPU
		{E76BABE5-539C-40D7-9E8D-C58E62F51AE1}.Release|Any CPU.Build.0 = Release|Any CPU
		{EAF0F94A-3F52-477E-8A56-E5323E2FB27D}.Debug|Any CPU.ActiveCfg = Debug|Any CPU
		{EAF0F94A-3F52-477E-8A56-E5323E2FB27D}.Debug|Any CPU.Build.0 = Debug|Any CPU
		{EAF0F94A-3F52-477E-8A56-E5323E2FB27D}.Release|Any CPU.ActiveCfg = Release|Any CPU
		{EAF0F94A-3F52-477E-8A56-E5323E2FB27D}.Release|Any CPU.Build.0 = Release|Any CPU
	EndGlobalSection
	GlobalSection(SolutionProperties) = preSolution
		HideSolutionNode = FALSE
	EndGlobalSection
	GlobalSection(NestedProjects) = preSolution
		{270B35D6-45F4-4457-8B98-63B432DFA5B3} = {0E2FE688-5242-4F5D-BD39-70E26DC168DD}
		{74CE4BCC-8FA5-41E2-9456-5170B2F79005} = {0E2FE688-5242-4F5D-BD39-70E26DC168DD}
		{A1C1017D-8FE3-4AC9-A7A8-1F2A51EFE71B} = {0E2FE688-5242-4F5D-BD39-70E26DC168DD}
		{0F4E146C-493C-4AE7-AD3B-32C9FA828F75} = {0E2FE688-5242-4F5D-BD39-70E26DC168DD}
		{4CA99FE4-EA19-4024-B595-1A999C1BC614} = {0E2FE688-5242-4F5D-BD39-70E26DC168DD}
		{E76BABE5-539C-40D7-9E8D-C58E62F51AE1} = {0E2FE688-5242-4F5D-BD39-70E26DC168DD}
	EndGlobalSection
	GlobalSection(ExtensibilityGlobals) = postSolution
		SolutionGuid = {78736530-4DAA-4F96-8119-AEAF752C31CD}
	EndGlobalSection
EndGlobal
